github.com/Binject/debug v0.0.0-20210225042342-c9b8b45728d2 h1:8kQNJC9AxAaNs0JkXnWUfbNeDnIO1QLYYWjYqC6JEE4=
github.com/Binject/debug v0.0.0-20210225042342-c9b8b45728d2/go.mod h1:QzgxDLY/qdKlvnbnb65eqTedhvQPbaSP2NqIbcuKvsQ=
github.com/Binject/universal v0.0.0-20210304094126-daefaa886313 h1:hX9boCRvCxIpsiV4q9ts+WOYNnjHiji2FOR5BsDzxiY=
github.com/Binject/universal v0.0.0-20210304094126-daefaa886313/go.mod h1:J3XDRlam5pPYca3i6EqgQ35GCCEoyxafpCbLkta0ozc=
github.com/awgh/cppgo v0.0.0-20210224085512-3d24bca8edc0 h1:JjwxKkxzcBk4k8147g0eBQRCIy0UN1Be8AAv6RaIj4Q=
github.com/awgh/cppgo v0.0.0-20210224085512-3d24bca8edc0/go.mod h1:IbERvuyb387Hppp8hX0SQTFt/mkej8+OhuS8L0nC2CI=
github.com/awgh/rawreader v0.0.0-20200626064944-56820a9c6da4 h1:cIAK2NNf2yafdgpFRNJrgZMwvy61BEVpGoHc2n4/yWs=
github.com/awgh/rawreader v0.0.0-20200626064944-56820a9c6da4/go.mod h1:SalMPBCab3yuID8nIhLfzwoBV+lBRyaC7NhuN8qL8xE=
github.com/davecgh/go-spew v1.1.0/go.mod h1:J7Y8YcW2NihsgmVo/mv3lAwl/skON4iLHjSsI+c5H38=
github.com/pmezard/go-difflib v1.0.0/go.mod h1:iKH77koFhYxTK1pcRnkKkqfTogsbg7gZNVY4sRDYZ/4=
github.com/stretchr/objx v0.1.0/go.mod h1:HFkY916IF+rwdDfMAkV7OtwuqBVzrE8GR6GFx+wExME=
github.com/stretchr/testify v1.7.0/go.mod h1:6Fq8oRcR53rry900zMqJjRRixrwX3KX962/h/Wwjteg=
golang.org/x/sys v0.0.0-20210217105451-b926d437f341 h1:2/QtM1mL37YmcsT8HaDNHDgTqqFVw+zr8UzMiBVLzYU=
golang.org/x/sys v0.0.0-20210217105451-b926d437f341/go.mod h1:h1NjWce9XRLGQEsW7wpKNCjG9DtNlClVuFLEZdDNbEs=
golang.org/x/sys v0.0.0-20211124211545-fe61309f8881 h1:TyHqChC80pFkXWraUUf6RuB5IqFdQieMLwwCJokV2pc=
golang.org/x/sys v0.0.0-20211124211545-fe61309f8881/go.mod h1:oPkhp1MJrh7nUepCBck5+mAzfO9JrbApNNgaTdGDITg=
golang.org/x/sys v0.0.0-20211205182925-97ca703d548d h1:FjkYO/PPp4Wi0EAUOVLxePm7qVW4r4ctbWpURyuOD0E=
golang.org/x/sys v0.0.0-20211205182925-97ca703d548d/go.mod h1:oPkhp1MJrh7nUepCBck5+mAzfO9JrbApNNgaTdGDITg=
gopkg.in/check.v1 v0.0.0-20161208181325-20d25e280405/go.mod h1:Co6ibVJAznAaIkqp8huTwlJQCZ016jof/cbN4VW5Yz0=
gopkg.in/yaml.v3 v3.0.0-20200313102051-9f266ea9e77c/go.mod h1:K4uyk7z7BCEPqu6E+C64Yfv1cQ7kz7rIZviUmN+EgEM=
